// !$*UTF8*$!
{
	archiveVersion = 1;
	classes = {
	};
	objectVersion = 46;
	objects = {

/* Begin PBXBuildFile section */
		1A54F55A1B4B9EBC00326E6B /* WriteViewController.m in Sources */ = {isa = PBXBuildFile; fileRef = 1A54F5591B4B9EBC00326E6B /* WriteViewController.m */; };
		1A571F151B4B66AE00828FE8 /* main.m in Sources */ = {isa = PBXBuildFile; fileRef = 1A571F141B4B66AE00828FE8 /* main.m */; };
		1A571F181B4B66AE00828FE8 /* AppDelegate.m in Sources */ = {isa = PBXBuildFile; fileRef = 1A571F171B4B66AE00828FE8 /* AppDelegate.m */; };
		1A571F1B1B4B66AE00828FE8 /* ViewController.m in Sources */ = {isa = PBXBuildFile; fileRef = 1A571F1A1B4B66AE00828FE8 /* ViewController.m */; };
		1A571F1E1B4B66AE00828FE8 /* Main.storyboard in Resources */ = {isa = PBXBuildFile; fileRef = 1A571F1C1B4B66AE00828FE8 /* Main.storyboard */; };
		1A571F201B4B66AE00828FE8 /* Assets.xcassets in Resources */ = {isa = PBXBuildFile; fileRef = 1A571F1F1B4B66AE00828FE8 /* Assets.xcassets */; };
		1A571F231B4B66AE00828FE8 /* LaunchScreen.storyboard in Resources */ = {isa = PBXBuildFile; fileRef = 1A571F211B4B66AE00828FE8 /* LaunchScreen.storyboard */; };
		1A571F2E1B4B66AE00828FE8 /* valueup_test_deviceTests.m in Sources */ = {isa = PBXBuildFile; fileRef = 1A571F2D1B4B66AE00828FE8 /* valueup_test_deviceTests.m */; };
		1A571F391B4B66AE00828FE8 /* valueup_test_deviceUITests.m in Sources */ = {isa = PBXBuildFile; fileRef = 1A571F381B4B66AE00828FE8 /* valueup_test_deviceUITests.m */; };
		1A571F481B4B67D100828FE8 /* TableViewController.m in Sources */ = {isa = PBXBuildFile; fileRef = 1A571F471B4B67D100828FE8 /* TableViewController.m */; };
		1A9472091B4BD19200638CB4 /* DetailViewController.m in Sources */ = {isa = PBXBuildFile; fileRef = 1A9472081B4BD19200638CB4 /* DetailViewController.m */; };
		FAC35DDBB9CF54B48531FBA4 /* libPods.a in Frameworks */ = {isa = PBXBuildFile; fileRef = 7F5879380DBD89D2E29EB682 /* libPods.a */; };
/* End PBXBuildFile section */

/* Begin PBXContainerItemProxy section */
		1A571F2A1B4B66AE00828FE8 /* PBXContainerItemProxy */ = {
			isa = PBXContainerItemProxy;
			containerPortal = 1A571F081B4B66AE00828FE8 /* Project object */;
			proxyType = 1;
			remoteGlobalIDString = 1A571F0F1B4B66AE00828FE8;
			remoteInfo = valueup_test_device;
		};
		1A571F351B4B66AE00828FE8 /* PBXContainerItemProxy */ = {
			isa = PBXContainerItemProxy;
			containerPortal = 1A571F081B4B66AE00828FE8 /* Project object */;
			proxyType = 1;
			remoteGlobalIDString = 1A571F0F1B4B66AE00828FE8;
			remoteInfo = valueup_test_device;
		};
/* End PBXContainerItemProxy section */

/* Begin PBXFileReference section */
		1A54F5581B4B9EBC00326E6B /* WriteViewController.h */ = {isa = PBXFileReference; fileEncoding = 4; lastKnownFileType = sourcecode.c.h; path = WriteViewController.h; sourceTree = "<group>"; };
		1A54F5591B4B9EBC00326E6B /* WriteViewController.m */ = {isa = PBXFileReference; fileEncoding = 4; lastKnownFileType = sourcecode.c.objc; path = WriteViewController.m; sourceTree = "<group>"; };
		1A571F101B4B66AE00828FE8 /* valueup_test_device.app */ = {isa = PBXFileReference; explicitFileType = wrapper.application; includeInIndex = 0; path = valueup_test_device.app; sourceTree = BUILT_PRODUCTS_DIR; };
		1A571F141B4B66AE00828FE8 /* main.m */ = {isa = PBXFileReference; lastKnownFileType = sourcecode.c.objc; path = main.m; sourceTree = "<group>"; };
		1A571F161B4B66AE00828FE8 /* AppDelegate.h */ = {isa = PBXFileReference; lastKnownFileType = sourcecode.c.h; path = AppDelegate.h; sourceTree = "<group>"; };
		1A571F171B4B66AE00828FE8 /* AppDelegate.m */ = {isa = PBXFileReference; lastKnownFileType = sourcecode.c.objc; path = AppDelegate.m; sourceTree = "<group>"; };
		1A571F191B4B66AE00828FE8 /* ViewController.h */ = {isa = PBXFileReference; lastKnownFileType = sourcecode.c.h; path = ViewController.h; sourceTree = "<group>"; };
		1A571F1A1B4B66AE00828FE8 /* ViewController.m */ = {isa = PBXFileReference; lastKnownFileType = sourcecode.c.objc; path = ViewController.m; sourceTree = "<group>"; };
		1A571F1D1B4B66AE00828FE8 /* Base */ = {isa = PBXFileReference; lastKnownFileType = file.storyboard; name = Base; path = Base.lproj/Main.storyboard; sourceTree = "<group>"; };
		1A571F1F1B4B66AE00828FE8 /* Assets.xcassets */ = {isa = PBXFileReference; lastKnownFileType = folder.assetcatalog; path = Assets.xcassets; sourceTree = "<group>"; };
		1A571F221B4B66AE00828FE8 /* Base */ = {isa = PBXFileReference; lastKnownFileType = file.storyboard; name = Base; path = Base.lproj/LaunchScreen.storyboard; sourceTree = "<group>"; };
		1A571F241B4B66AE00828FE8 /* Info.plist */ = {isa = PBXFileReference; lastKnownFileType = text.plist.xml; path = Info.plist; sourceTree = "<group>"; };
		1A571F291B4B66AE00828FE8 /* valueup_test_deviceTests.xctest */ = {isa = PBXFileReference; explicitFileType = wrapper.cfbundle; includeInIndex = 0; path = valueup_test_deviceTests.xctest; sourceTree = BUILT_PRODUCTS_DIR; };
		1A571F2D1B4B66AE00828FE8 /* valueup_test_deviceTests.m */ = {isa = PBXFileReference; lastKnownFileType = sourcecode.c.objc; path = valueup_test_deviceTests.m; sourceTree = "<group>"; };
		1A571F2F1B4B66AE00828FE8 /* Info.plist */ = {isa = PBXFileReference; lastKnownFileType = text.plist.xml; path = Info.plist; sourceTree = "<group>"; };
		1A571F341B4B66AE00828FE8 /* valueup_test_deviceUITests.xctest */ = {isa = PBXFileReference; explicitFileType = wrapper.cfbundle; includeInIndex = 0; path = valueup_test_deviceUITests.xctest; sourceTree = BUILT_PRODUCTS_DIR; };
		1A571F381B4B66AE00828FE8 /* valueup_test_deviceUITests.m */ = {isa = PBXFileReference; lastKnownFileType = sourcecode.c.objc; path = valueup_test_deviceUITests.m; sourceTree = "<group>"; };
		1A571F3A1B4B66AE00828FE8 /* Info.plist */ = {isa = PBXFileReference; lastKnownFileType = text.plist.xml; path = Info.plist; sourceTree = "<group>"; };
		1A571F461B4B67D100828FE8 /* TableViewController.h */ = {isa = PBXFileReference; fileEncoding = 4; lastKnownFileType = sourcecode.c.h; path = TableViewController.h; sourceTree = "<group>"; };
		1A571F471B4B67D100828FE8 /* TableViewController.m */ = {isa = PBXFileReference; fileEncoding = 4; lastKnownFileType = sourcecode.c.objc; path = TableViewController.m; sourceTree = "<group>"; };
		1A9472071B4BD19200638CB4 /* DetailViewController.h */ = {isa = PBXFileReference; fileEncoding = 4; lastKnownFileType = sourcecode.c.h; name = DetailViewController.h; path = ../DetailViewController.h; sourceTree = "<group>"; };
		1A9472081B4BD19200638CB4 /* DetailViewController.m */ = {isa = PBXFileReference; fileEncoding = 4; lastKnownFileType = sourcecode.c.objc; name = DetailViewController.m; path = ../DetailViewController.m; sourceTree = "<group>"; };
		1AB04AB41B4BA7AA00016D10 /* Constants.h */ = {isa = PBXFileReference; lastKnownFileType = sourcecode.c.h; path = Constants.h; sourceTree = "<group>"; };
		7F5879380DBD89D2E29EB682 /* libPods.a */ = {isa = PBXFileReference; explicitFileType = archive.ar; includeInIndex = 0; path = libPods.a; sourceTree = BUILT_PRODUCTS_DIR; };
		A8267FC672004F9B52996F53 /* Pods.release.xcconfig */ = {isa = PBXFileReference; includeInIndex = 1; lastKnownFileType = text.xcconfig; name = Pods.release.xcconfig; path = "Pods/Target Support Files/Pods/Pods.release.xcconfig"; sourceTree = "<group>"; };
		C4743CB008B2932A5920611C /* Pods.debug.xcconfig */ = {isa = PBXFileReference; includeInIndex = 1; lastKnownFileType = text.xcconfig; name = Pods.debug.xcconfig; path = "Pods/Target Support Files/Pods/Pods.debug.xcconfig"; sourceTree = "<group>"; };
/* End PBXFileReference section */

/* Begin PBXFrameworksBuildPhase section */
		1A571F0D1B4B66AE00828FE8 /* Frameworks */ = {
			isa = PBXFrameworksBuildPhase;
			buildActionMask = 2147483647;
			files = (
				FAC35DDBB9CF54B48531FBA4 /* libPods.a in Frameworks */,
			);
			runOnlyForDeploymentPostprocessing = 0;
		};
		1A571F261B4B66AE00828FE8 /* Frameworks */ = {
			isa = PBXFrameworksBuildPhase;
			buildActionMask = 2147483647;
			files = (
			);
			runOnlyForDeploymentPostprocessing = 0;
		};
		1A571F311B4B66AE00828FE8 /* Frameworks */ = {
			isa = PBXFrameworksBuildPhase;
			buildActionMask = 2147483647;
			files = (
			);
			runOnlyForDeploymentPostprocessing = 0;
		};
/* End PBXFrameworksBuildPhase section */

/* Begin PBXGroup section */
		1A571F071B4B66AE00828FE8 = {
			isa = PBXGroup;
			children = (
				1A571F121B4B66AE00828FE8 /* valueup_test_device */,
				1A571F2C1B4B66AE00828FE8 /* valueup_test_deviceTests */,
				1A571F371B4B66AE00828FE8 /* valueup_test_deviceUITests */,
				1A571F111B4B66AE00828FE8 /* Products */,
				5411AF9B5473CEF2A49BB3E3 /* Pods */,
				A62DBD508EB38CEA432B32CB /* Frameworks */,
			);
			sourceTree = "<group>";
		};
		1A571F111B4B66AE00828FE8 /* Products */ = {
			isa = PBXGroup;
			children = (
				1A571F101B4B66AE00828FE8 /* valueup_test_device.app */,
				1A571F291B4B66AE00828FE8 /* valueup_test_deviceTests.xctest */,
				1A571F341B4B66AE00828FE8 /* valueup_test_deviceUITests.xctest */,
			);
			name = Products;
			sourceTree = "<group>";
		};
		1A571F121B4B66AE00828FE8 /* valueup_test_device */ = {
			isa = PBXGroup;
			children = (
				1A9472071B4BD19200638CB4 /* DetailViewController.h */,
				1A9472081B4BD19200638CB4 /* DetailViewController.m */,
				1A571F161B4B66AE00828FE8 /* AppDelegate.h */,
				1A571F171B4B66AE00828FE8 /* AppDelegate.m */,
				1A571F191B4B66AE00828FE8 /* ViewController.h */,
				1A571F1A1B4B66AE00828FE8 /* ViewController.m */,
				1A571F1C1B4B66AE00828FE8 /* Main.storyboard */,
				1A571F1F1B4B66AE00828FE8 /* Assets.xcassets */,
				1A571F211B4B66AE00828FE8 /* LaunchScreen.storyboard */,
				1A571F241B4B66AE00828FE8 /* Info.plist */,
				1A571F131B4B66AE00828FE8 /* Supporting Files */,
				1A571F461B4B67D100828FE8 /* TableViewController.h */,
				1A571F471B4B67D100828FE8 /* TableViewController.m */,
				1A54F5581B4B9EBC00326E6B /* WriteViewController.h */,
				1A54F5591B4B9EBC00326E6B /* WriteViewController.m */,
				1AB04AB41B4BA7AA00016D10 /* Constants.h */,
			);
			path = valueup_test_device;
			sourceTree = "<group>";
		};
		1A571F131B4B66AE00828FE8 /* Supporting Files */ = {
			isa = PBXGroup;
			children = (
				1A571F141B4B66AE00828FE8 /* main.m */,
			);
			name = "Supporting Files";
			sourceTree = "<group>";
		};
		1A571F2C1B4B66AE00828FE8 /* valueup_test_deviceTests */ = {
			isa = PBXGroup;
			children = (
				1A571F2D1B4B66AE00828FE8 /* valueup_test_deviceTests.m */,
				1A571F2F1B4B66AE00828FE8 /* Info.plist */,
			);
			path = valueup_test_deviceTests;
			sourceTree = "<group>";
		};
		1A571F371B4B66AE00828FE8 /* valueup_test_deviceUITests */ = {
			isa = PBXGroup;
			children = (
				1A571F381B4B66AE00828FE8 /* valueup_test_deviceUITests.m */,
				1A571F3A1B4B66AE00828FE8 /* Info.plist */,
			);
			path = valueup_test_deviceUITests;
			sourceTree = "<group>";
		};
		5411AF9B5473CEF2A49BB3E3 /* Pods */ = {
			isa = PBXGroup;
			children = (
				C4743CB008B2932A5920611C /* Pods.debug.xcconfig */,
				A8267FC672004F9B52996F53 /* Pods.release.xcconfig */,
			);
			name = Pods;
			sourceTree = "<group>";
		};
		A62DBD508EB38CEA432B32CB /* Frameworks */ = {
			isa = PBXGroup;
			children = (
				7F5879380DBD89D2E29EB682 /* libPods.a */,
			);
			name = Frameworks;
			sourceTree = "<group>";
		};
/* End PBXGroup section */

/* Begin PBXNativeTarget section */
		1A571F0F1B4B66AE00828FE8 /* valueup_test_device */ = {
			isa = PBXNativeTarget;
			buildConfigurationList = 1A571F3D1B4B66AE00828FE8 /* Build configuration list for PBXNativeTarget "valueup_test_device" */;
			buildPhases = (
				7BFBEC92FC777E41EE2F055D /* Check Pods Manifest.lock */,
				1A571F0C1B4B66AE00828FE8 /* Sources */,
				1A571F0D1B4B66AE00828FE8 /* Frameworks */,
				1A571F0E1B4B66AE00828FE8 /* Resources */,
				3FAFFDEF743D80AF21AC678D /* Copy Pods Resources */,
			);
			buildRules = (
			);
			dependencies = (
			);
			name = valueup_test_device;
			productName = valueup_test_device;
			productReference = 1A571F101B4B66AE00828FE8 /* valueup_test_device.app */;
			productType = "com.apple.product-type.application";
		};
		1A571F281B4B66AE00828FE8 /* valueup_test_deviceTests */ = {
			isa = PBXNativeTarget;
			buildConfigurationList = 1A571F401B4B66AE00828FE8 /* Build configuration list for PBXNativeTarget "valueup_test_deviceTests" */;
			buildPhases = (
				1A571F251B4B66AE00828FE8 /* Sources */,
				1A571F261B4B66AE00828FE8 /* Frameworks */,
				1A571F271B4B66AE00828FE8 /* Resources */,
			);
			buildRules = (
			);
			dependencies = (
				1A571F2B1B4B66AE00828FE8 /* PBXTargetDependency */,
			);
			name = valueup_test_deviceTests;
			productName = valueup_test_deviceTests;
			productReference = 1A571F291B4B66AE00828FE8 /* valueup_test_deviceTests.xctest */;
			productType = "com.apple.product-type.bundle.unit-test";
		};
		1A571F331B4B66AE00828FE8 /* valueup_test_deviceUITests */ = {
			isa = PBXNativeTarget;
			buildConfigurationList = 1A571F431B4B66AE00828FE8 /* Build configuration list for PBXNativeTarget "valueup_test_deviceUITests" */;
			buildPhases = (
				1A571F301B4B66AE00828FE8 /* Sources */,
				1A571F311B4B66AE00828FE8 /* Frameworks */,
				1A571F321B4B66AE00828FE8 /* Resources */,
			);
			buildRules = (
			);
			dependencies = (
				1A571F361B4B66AE00828FE8 /* PBXTargetDependency */,
			);
			name = valueup_test_deviceUITests;
			productName = valueup_test_deviceUITests;
			productReference = 1A571F341B4B66AE00828FE8 /* valueup_test_deviceUITests.xctest */;
			productType = "com.apple.product-type.bundle.ui-testing";
		};
/* End PBXNativeTarget section */

/* Begin PBXProject section */
		1A571F081B4B66AE00828FE8 /* Project object */ = {
			isa = PBXProject;
			attributes = {
				LastUpgradeCheck = 0700;
				ORGANIZATIONNAME = "JoonHo Son";
				TargetAttributes = {
					1A571F0F1B4B66AE00828FE8 = {
						CreatedOnToolsVersion = 7.0;
					};
					1A571F281B4B66AE00828FE8 = {
						CreatedOnToolsVersion = 7.0;
						TestTargetID = 1A571F0F1B4B66AE00828FE8;
					};
					1A571F331B4B66AE00828FE8 = {
						CreatedOnToolsVersion = 7.0;
						TestTargetID = 1A571F0F1B4B66AE00828FE8;
					};
				};
			};
			buildConfigurationList = 1A571F0B1B4B66AE00828FE8 /* Build configuration list for PBXProject "valueup_test_device" */;
			compatibilityVersion = "Xcode 3.2";
			developmentRegion = English;
			hasScannedForEncodings = 0;
			knownRegions = (
				en,
				Base,
			);
			mainGroup = 1A571F071B4B66AE00828FE8;
			productRefGroup = 1A571F111B4B66AE00828FE8 /* Products */;
			projectDirPath = "";
			projectRoot = "";
			targets = (
				1A571F0F1B4B66AE00828FE8 /* valueup_test_device */,
				1A571F281B4B66AE00828FE8 /* valueup_test_deviceTests */,
				1A571F331B4B66AE00828FE8 /* valueup_test_deviceUITests */,
			);
		};
/* End PBXProject section */

/* Begin PBXResourcesBuildPhase section */
		1A571F0E1B4B66AE00828FE8 /* Resources */ = {
			isa = PBXResourcesBuildPhase;
			buildActionMask = 2147483647;
			files = (
				1A571F231B4B66AE00828FE8 /* LaunchScreen.storyboard in Resources */,
				1A571F201B4B66AE00828FE8 /* Assets.xcassets in Resources */,
				1A571F1E1B4B66AE00828FE8 /* Main.storyboard in Resources */,
			);
			runOnlyForDeploymentPostprocessing = 0;
		};
		1A571F271B4B66AE00828FE8 /* Resources */ = {
			isa = PBXResourcesBuildPhase;
			buildActionMask = 2147483647;
			files = (
			);
			runOnlyForDeploymentPostprocessing = 0;
		};
		1A571F321B4B66AE00828FE8 /* Resources */ = {
			isa = PBXResourcesBuildPhase;
			buildActionMask = 2147483647;
			files = (
			);
			runOnlyForDeploymentPostprocessing = 0;
		};
/* End PBXResourcesBuildPhase section */

/* Begin PBXShellScriptBuildPhase section */
		3FAFFDEF743D80AF21AC678D /* Copy Pods Resources */ = {
			isa = PBXShellScriptBuildPhase;
			buildActionMask = 2147483647;
			files = (
			);
			inputPaths = (
			);
			name = "Copy Pods Resources";
			outputPaths = (
			);
			runOnlyForDeploymentPostprocessing = 0;
			shellPath = /bin/sh;
			shellScript = "\"${SRCROOT}/Pods/Target Support Files/Pods/Pods-resources.sh\"\n";
			showEnvVarsInLog = 0;
		};
		7BFBEC92FC777E41EE2F055D /* Check Pods Manifest.lock */ = {
			isa = PBXShellScriptBuildPhase;
			buildActionMask = 2147483647;
			files = (
			);
			inputPaths = (
			);
			name = "Check Pods Manifest.lock";
			outputPaths = (
			);
			runOnlyForDeploymentPostprocessing = 0;
			shellPath = /bin/sh;
			shellScript = "diff \"${PODS_ROOT}/../Podfile.lock\" \"${PODS_ROOT}/Manifest.lock\" > /dev/null\nif [[ $? != 0 ]] ; then\n    cat << EOM\nerror: The sandbox is not in sync with the Podfile.lock. Run 'pod install' or update your CocoaPods installation.\nEOM\n    exit 1\nfi\n";
			showEnvVarsInLog = 0;
		};
/* End PBXShellScriptBuildPhase section */

/* Begin PBXSourcesBuildPhase section */
		1A571F0C1B4B66AE00828FE8 /* Sources */ = {
			isa = PBXSourcesBuildPhase;
			buildActionMask = 2147483647;
			files = (
				1A571F1B1B4B66AE00828FE8 /* ViewController.m in Sources */,
				1A571F181B4B66AE00828FE8 /* AppDelegate.m in Sources */,
				1A571F151B4B66AE00828FE8 /* main.m in Sources */,
				1A571F481B4B67D100828FE8 /* TableViewController.m in Sources */,
				1A54F55A1B4B9EBC00326E6B /* WriteViewController.m in Sources */,
				1A9472091B4BD19200638CB4 /* DetailViewController.m in Sources */,
			);
			runOnlyForDeploymentPostprocessing = 0;
		};
		1A571F251B4B66AE00828FE8 /* Sources */ = {
			isa = PBXSourcesBuildPhase;
			buildActionMask = 2147483647;
			files = (
				1A571F2E1B4B66AE00828FE8 /* valueup_test_deviceTests.m in Sources */,
			);
			runOnlyForDeploymentPostprocessing = 0;
		};
		1A571F301B4B66AE00828FE8 /* Sources */ = {
			isa = PBXSourcesBuildPhase;
			buildActionMask = 2147483647;
			files = (
				1A571F391B4B66AE00828FE8 /* valueup_test_deviceUITests.m in Sources */,
			);
			runOnlyForDeploymentPostprocessing = 0;
		};
/* End PBXSourcesBuildPhase section */

/* Begin PBXTargetDependency section */
		1A571F2B1B4B66AE00828FE8 /* PBXTargetDependency */ = {
			isa = PBXTargetDependency;
			target = 1A571F0F1B4B66AE00828FE8 /* valueup_test_device */;
			targetProxy = 1A571F2A1B4B66AE00828FE8 /* PBXContainerItemProxy */;
		};
		1A571F361B4B66AE00828FE8 /* PBXTargetDependency */ = {
			isa = PBXTargetDependency;
			target = 1A571F0F1B4B66AE00828FE8 /* valueup_test_device */;
			targetProxy = 1A571F351B4B66AE00828FE8 /* PBXContainerItemProxy */;
		};
/* End PBXTargetDependency section */

/* Begin PBXVariantGroup section */
		1A571F1C1B4B66AE00828FE8 /* Main.storyboard */ = {
			isa = PBXVariantGroup;
			children = (
				1A571F1D1B4B66AE00828FE8 /* Base */,
			);
			name = Main.storyboard;
			sourceTree = "<group>";
		};
		1A571F211B4B66AE00828FE8 /* LaunchScreen.storyboard */ = {
			isa = PBXVariantGroup;
			children = (
				1A571F221B4B66AE00828FE8 /* Base */,
			);
			name = LaunchScreen.storyboard;
			sourceTree = "<group>";
		};
/* End PBXVariantGroup section */

/* Begin XCBuildConfiguration section */
		1A571F3B1B4B66AE00828FE8 /* Debug */ = {
			isa = XCBuildConfiguration;
			buildSettings = {
				ALWAYS_SEARCH_USER_PATHS = NO;
				CLANG_CXX_LANGUAGE_STANDARD = "gnu++0x";
				CLANG_CXX_LIBRARY = "libc++";
				CLANG_ENABLE_MODULES = YES;
				CLANG_ENABLE_OBJC_ARC = YES;
				CLANG_WARN_BOOL_CONVERSION = YES;
				CLANG_WARN_CONSTANT_CONVERSION = YES;
				CLANG_WARN_DIRECT_OBJC_ISA_USAGE = YES_ERROR;
				CLANG_WARN_EMPTY_BODY = YES;
				CLANG_WARN_ENUM_CONVERSION = YES;
				CLANG_WARN_INT_CONVERSION = YES;
				CLANG_WARN_OBJC_ROOT_CLASS = YES_ERROR;
				CLANG_WARN_UNREACHABLE_CODE = YES;
				CLANG_WARN__DUPLICATE_METHOD_MATCH = YES;
				"CODE_SIGN_IDENTITY[sdk=iphoneos*]" = "iPhone Developer";
				COPY_PHASE_STRIP = NO;
				DEBUG_INFORMATION_FORMAT = dwarf;
				ENABLE_STRICT_OBJC_MSGSEND = YES;
				ENABLE_TESTABILITY = YES;
				GCC_C_LANGUAGE_STANDARD = gnu99;
				GCC_DYNAMIC_NO_PIC = NO;
				GCC_NO_COMMON_BLOCKS = YES;
				GCC_OPTIMIZATION_LEVEL = 0;
				GCC_PREPROCESSOR_DEFINITIONS = (
					"DEBUG=1",
					"$(inherited)",
				);
				GCC_WARN_64_TO_32_BIT_CONVERSION = YES;
				GCC_WARN_ABOUT_RETURN_TYPE = YES_ERROR;
				GCC_WARN_UNDECLARED_SELECTOR = YES;
				GCC_WARN_UNINITIALIZED_AUTOS = YES_AGGRESSIVE;
				GCC_WARN_UNUSED_FUNCTION = YES;
				GCC_WARN_UNUSED_VARIABLE = YES;
				IPHONEOS_DEPLOYMENT_TARGET = 9.0;
				MTL_ENABLE_DEBUG_INFO = YES;
				ONLY_ACTIVE_ARCH = YES;
				SDKROOT = iphoneos;
			};
			name = Debug;
		};
		1A571F3C1B4B66AE00828FE8 /* Release */ = {
			isa = XCBuildConfiguration;
			buildSettings = {
				ALWAYS_SEARCH_USER_PATHS = NO;
				CLANG_CXX_LANGUAGE_STANDARD = "gnu++0x";
				CLANG_CXX_LIBRARY = "libc++";
				CLANG_ENABLE_MODULES = YES;
				CLANG_ENABLE_OBJC_ARC = YES;
				CLANG_WARN_BOOL_CONVERSION = YES;
				CLANG_WARN_CONSTANT_CONVERSION = YES;
				CLANG_WARN_DIRECT_OBJC_ISA_USAGE = YES_ERROR;
				CLANG_WARN_EMPTY_BODY = YES;
				CLANG_WARN_ENUM_CONVERSION = YES;
				CLANG_WARN_INT_CONVERSION = YES;
				CLANG_WARN_OBJC_ROOT_CLASS = YES_ERROR;
				CLANG_WARN_UNREACHABLE_CODE = YES;
				CLANG_WARN__DUPLICATE_METHOD_MATCH = YES;
				"CODE_SIGN_IDENTITY[sdk=iphoneos*]" = "iPhone Developer";
				COPY_PHASE_STRIP = NO;
				DEBUG_INFORMATION_FORMAT = "dwarf-with-dsym";
				ENABLE_NS_ASSERTIONS = NO;
				ENABLE_STRICT_OBJC_MSGSEND = YES;
				GCC_C_LANGUAGE_STANDARD = gnu99;
				GCC_NO_COMMON_BLOCKS = YES;
				GCC_WARN_64_TO_32_BIT_CONVERSION = YES;
				GCC_WARN_ABOUT_RETURN_TYPE = YES_ERROR;
				GCC_WARN_UNDECLARED_SELECTOR = YES;
				GCC_WARN_UNINITIALIZED_AUTOS = YES_AGGRESSIVE;
				GCC_WARN_UNUSED_FUNCTION = YES;
				GCC_WARN_UNUSED_VARIABLE = YES;
				IPHONEOS_DEPLOYMENT_TARGET = 9.0;
				MTL_ENABLE_DEBUG_INFO = NO;
				SDKROOT = iphoneos;
				VALIDATE_PRODUCT = YES;
			};
			name = Release;
		};
		1A571F3E1B4B66AE00828FE8 /* Debug */ = {
			isa = XCBuildConfiguration;
			baseConfigurationReference = C4743CB008B2932A5920611C /* Pods.debug.xcconfig */;
			buildSettings = {
				ASSETCATALOG_COMPILER_APPICON_NAME = AppIcon;
				INFOPLIST_FILE = valueup_test_device/Info.plist;
				IPHONEOS_DEPLOYMENT_TARGET = 8.0;
				LD_RUNPATH_SEARCH_PATHS = "$(inherited) @executable_path/Frameworks";
				PRODUCT_BUNDLE_IDENTIFIER = "net.cliff3.sample.valueup-test-device";
				PRODUCT_NAME = "$(TARGET_NAME)";
			};
			name = Debug;
		};
		1A571F3F1B4B66AE00828FE8 /* Release */ = {
			isa = XCBuildConfiguration;
			baseConfigurationReference = A8267FC672004F9B52996F53 /* Pods.release.xcconfig */;
			buildSettings = {
				ASSETCATALOG_COMPILER_APPICON_NAME = AppIcon;
				INFOPLIST_FILE = valueup_test_device/Info.plist;
				IPHONEOS_DEPLOYMENT_TARGET = 8.0;
				LD_RUNPATH_SEARCH_PATHS = "$(inherited) @executable_path/Frameworks";
				PRODUCT_BUNDLE_IDENTIFIER = "net.cliff3.sample.valueup-test-device";
				PRODUCT_NAME = "$(TARGET_NAME)";
			};
			name = Release;
		};
		1A571F411B4B66AE00828FE8 /* Debug */ = {
			isa = XCBuildConfiguration;
			buildSettings = {
				BUNDLE_LOADER = "$(TEST_HOST)";
				INFOPLIST_FILE = valueup_test_deviceTests/Info.plist;
				LD_RUNPATH_SEARCH_PATHS = "$(inherited) @executable_path/Frameworks @loader_path/Frameworks";
				PRODUCT_BUNDLE_IDENTIFIER = "net.cliff3.sample.valueup-test-deviceTests";
				PRODUCT_NAME = "$(TARGET_NAME)";
				TEST_HOST = "$(BUILT_PRODUCTS_DIR)/valueup_test_device.app/valueup_test_device";
			};
			name = Debug;
		};
		1A571F421B4B66AE00828FE8 /* Release */ = {
			isa = XCBuildConfiguration;
			buildSettings = {
				BUNDLE_LOADER = "$(TEST_HOST)";
				INFOPLIST_FILE = valueup_test_deviceTests/Info.plist;
				LD_RUNPATH_SEARCH_PATHS = "$(inherited) @executable_path/Frameworks @loader_path/Frameworks";
				PRODUCT_BUNDLE_IDENTIFIER = "net.cliff3.sample.valueup-test-deviceTests";
				PRODUCT_NAME = "$(TARGET_NAME)";
				TEST_HOST = "$(BUILT_PRODUCTS_DIR)/valueup_test_device.app/valueup_test_device";
			};
			name = Release;
		};
		1A571F441B4B66AE00828FE8 /* Debug */ = {
			isa = XCBuildConfiguration;
			buildSettings = {
				INFOPLIST_FILE = valueup_test_deviceUITests/Info.plist;
				LD_RUNPATH_SEARCH_PATHS = "$(inherited) @executable_path/Frameworks @loader_path/Frameworks";
				PRODUCT_BUNDLE_IDENTIFIER = "net.cliff3.sample.valueup-test-deviceUITests";
				PRODUCT_NAME = "$(TARGET_NAME)";
				TEST_TARGET_NAME = valueup_test_device;
				USES_XCTRUNNER = YES;
			};
			name = Debug;
		};
		1A571F451B4B66AE00828FE8 /* Release */ = {
			isa = XCBuildConfiguration;
			buildSettings = {
				INFOPLIST_FILE = valueup_test_deviceUITests/Info.plist;
				LD_RUNPATH_SEARCH_PATHS = "$(inherited) @executable_path/Frameworks @loader_path/Frameworks";
				PRODUCT_BUNDLE_IDENTIFIER = "net.cliff3.sample.valueup-test-deviceUITests";
				PRODUCT_NAME = "$(TARGET_NAME)";
				TEST_TARGET_NAME = valueup_test_device;
				USES_XCTRUNNER = YES;
			};
			name = Release;
		};
/* End XCBuildConfiguration section */

/* Begin XCConfigurationList section */
		1A571F0B1B4B66AE00828FE8 /* Build configuration list for PBXProject "valueup_test_device" */ = {
			isa = XCConfigurationList;
			buildConfigurations = (
				1A571F3B1B4B66AE00828FE8 /* Debug */,
				1A571F3C1B4B66AE00828FE8 /* Release */,
			);
			defaultConfigurationIsVisible = 0;
			defaultConfigurationName = Release;
		};
		1A571F3D1B4B66AE00828FE8 /* Build configuration list for PBXNativeTarget "valueup_test_device" */ = {
			isa = XCConfigurationList;
			buildConfigurations = (
				1A571F3E1B4B66AE00828FE8 /* Debug */,
				1A571F3F1B4B66AE00828FE8 /* Release */,
			);
			defaultConfigurationIsVisible = 0;
			defaultConfigurationName = Release;
		};
		1A571F401B4B66AE00828FE8 /* Build configuration list for PBXNativeTarget "valueup_test_deviceTests" */ = {
			isa = XCConfigurationList;
			buildConfigurations = (
				1A571F411B4B66AE00828FE8 /* Debug */,
				1A571F421B4B66AE00828FE8 /* Release */,
			);
			defaultConfigurationIsVisible = 0;
			defaultConfigurationName = Release;
		};
		1A571F431B4B66AE00828FE8 /* Build configuration list for PBXNativeTarget "valueup_test_deviceUITests" */ = {
			isa = XCConfigurationList;
			buildConfigurations = (
				1A571F441B4B66AE00828FE8 /* Debug */,
				1A571F451B4B66AE00828FE8 /* Release */,
			);
			defaultConfigurationIsVisible = 0;
			defaultConfigurationName = Release;
		};
/* End XCConfigurationList section */
	};
	rootObject = 1A571F081B4B66AE00828FE8 /* Project object */;
}
